
Microsoft Visual Studio Solution File, Format Version 12.00
# Visual Studio Version 17
VisualStudioVersion = 17.8.34330.188
MinimumVisualStudioVersion = 10.0.40219.1
Project("{9A19103F-16F7-4668-BE54-9A1E7A4F7556}") = "CRUDD_EF", "CRUDD_EF.csproj", "{0BC6D476-87C6-41C9-A4CD-54EE386216E7}"
EndProject
Global
	GlobalSection(SolutionConfigurationPlatforms) = preSolution
		Debug|Any CPU = Debug|Any CPU
		Release|Any CPU = Release|Any CPU
	EndGlobalSection
	GlobalSection(ProjectConfigurationPlatforms) = postSolution
		{0BC6D476-87C6-41C9-A4CD-54EE386216E7}.Debug|Any CPU.ActiveCfg = Debug|Any CPU
		{0BC6D476-87C6-41C9-A4CD-54EE386216E7}.Debug|Any CPU.Build.0 = Debug|Any CPU
		{0BC6D476-87C6-41C9-A4CD-54EE386216E7}.Release|Any CPU.ActiveCfg = Release|Any CPU
		{0BC6D476-87C6-41C9-A4CD-54EE386216E7}.Release|Any CPU.Build.0 = Release|Any CPU
	EndGlobalSection
	GlobalSection(SolutionProperties) = preSolution
		HideSolutionNode = FALSE
	EndGlobalSection
	GlobalSection(ExtensibilityGlobals) = postSolution
		SolutionGuid = {9D3C4D8D-C849-44BC-B2D6-330A9E2C7333}
	EndGlobalSection
EndGlobal
